// !$*UTF8*$!
{
	archiveVersion = 1;
	classes = {
	};
	objectVersion = 46;
	objects = {

/* Begin PBXBuildFile section */
		D62818511BB37A1000A1575B /* AppDelegate.swift in Sources */ = {isa = PBXBuildFile; fileRef = D62818501BB37A1000A1575B /* AppDelegate.swift */; };
		D62818531BB37A1000A1575B /* ViewController.swift in Sources */ = {isa = PBXBuildFile; fileRef = D62818521BB37A1000A1575B /* ViewController.swift */; };
		D62818561BB37A1000A1575B /* Main.storyboard in Resources */ = {isa = PBXBuildFile; fileRef = D62818541BB37A1000A1575B /* Main.storyboard */; };
		D62818581BB37A1000A1575B /* Assets.xcassets in Resources */ = {isa = PBXBuildFile; fileRef = D62818571BB37A1000A1575B /* Assets.xcassets */; };
		D62818661BB37A1000A1575B /* HelloNounTests.swift in Sources */ = {isa = PBXBuildFile; fileRef = D62818651BB37A1000A1575B /* HelloNounTests.swift */; };
		D62818711BB37A1000A1575B /* HelloNounUITests.swift in Sources */ = {isa = PBXBuildFile; fileRef = D62818701BB37A1000A1575B /* HelloNounUITests.swift */; };
		D628187F1BB4230200A1575B /* Launch Screen.storyboard in Resources */ = {isa = PBXBuildFile; fileRef = D628187E1BB4230200A1575B /* Launch Screen.storyboard */; settings = {ASSET_TAGS = (); }; };
/* End PBXBuildFile section */

/* Begin PBXContainerItemProxy section */
		D62818621BB37A1000A1575B /* PBXContainerItemProxy */ = {
			isa = PBXContainerItemProxy;
			containerPortal = D62818451BB37A1000A1575B /* Project object */;
			proxyType = 1;
			remoteGlobalIDString = D628184C1BB37A1000A1575B;
			remoteInfo = HelloNoun;
		};
		D628186D1BB37A1000A1575B /* PBXContainerItemProxy */ = {
			isa = PBXContainerItemProxy;
			containerPortal = D62818451BB37A1000A1575B /* Project object */;
			proxyType = 1;
			remoteGlobalIDString = D628184C1BB37A1000A1575B;
			remoteInfo = HelloNoun;
		};
/* End PBXContainerItemProxy section */

/* Begin PBXFileReference section */
		D628184D1BB37A1000A1575B /* HelloNoun.app */ = {isa = PBXFileReference; explicitFileType = wrapper.application; includeInIndex = 0; path = HelloNoun.app; sourceTree = BUILT_PRODUCTS_DIR; };
		D62818501BB37A1000A1575B /* AppDelegate.swift */ = {isa = PBXFileReference; lastKnownFileType = sourcecode.swift; path = AppDelegate.swift; sourceTree = "<group>"; };
		D62818521BB37A1000A1575B /* ViewController.swift */ = {isa = PBXFileReference; lastKnownFileType = sourcecode.swift; path = ViewController.swift; sourceTree = "<group>"; };
		D62818551BB37A1000A1575B /* Base */ = {isa = PBXFileReference; lastKnownFileType = file.storyboard; name = Base; path = Base.lproj/Main.storyboard; sourceTree = "<group>"; };
		D62818571BB37A1000A1575B /* Assets.xcassets */ = {isa = PBXFileReference; lastKnownFileType = folder.assetcatalog; path = Assets.xcassets; sourceTree = "<group>"; };
		D628185C1BB37A1000A1575B /* Info.plist */ = {isa = PBXFileReference; lastKnownFileType = text.plist.xml; path = Info.plist; sourceTree = "<group>"; };
		D62818611BB37A1000A1575B /* HelloNounTests.xctest */ = {isa = PBXFileReference; explicitFileType = wrapper.cfbundle; includeInIndex = 0; path = HelloNounTests.xctest; sourceTree = BUILT_PRODUCTS_DIR; };
		D62818651BB37A1000A1575B /* HelloNounTests.swift */ = {isa = PBXFileReference; lastKnownFileType = sourcecode.swift; path = HelloNounTests.swift; sourceTree = "<group>"; };
		D62818671BB37A1000A1575B /* Info.plist */ = {isa = PBXFileReference; lastKnownFileType = text.plist.xml; path = Info.plist; sourceTree = "<group>"; };
		D628186C1BB37A1000A1575B /* HelloNounUITests.xctest */ = {isa = PBXFileReference; explicitFileType = wrapper.cfbundle; includeInIndex = 0; path = HelloNounUITests.xctest; sourceTree = BUILT_PRODUCTS_DIR; };
		D62818701BB37A1000A1575B /* HelloNounUITests.swift */ = {isa = PBXFileReference; lastKnownFileType = sourcecode.swift; path = HelloNounUITests.swift; sourceTree = "<group>"; };
		D62818721BB37A1000A1575B /* Info.plist */ = {isa = PBXFileReference; lastKnownFileType = text.plist.xml; path = Info.plist; sourceTree = "<group>"; };
		D628187E1BB4230200A1575B /* Launch Screen.storyboard */ = {isa = PBXFileReference; fileEncoding = 4; lastKnownFileType = file.storyboard; path = "Launch Screen.storyboard"; sourceTree = "<group>"; };
/* End PBXFileReference section */

/* Begin PBXFrameworksBuildPhase section */
		D628184A1BB37A1000A1575B /* Frameworks */ = {
			isa = PBXFrameworksBuildPhase;
			buildActionMask = 2147483647;
			files = (
			);
			runOnlyForDeploymentPostprocessing = 0;
		};
		D628185E1BB37A1000A1575B /* Frameworks */ = {
			isa = PBXFrameworksBuildPhase;
			buildActionMask = 2147483647;
			files = (
			);
			runOnlyForDeploymentPostprocessing = 0;
		};
		D62818691BB37A1000A1575B /* Frameworks */ = {
			isa = PBXFrameworksBuildPhase;
			buildActionMask = 2147483647;
			files = (
			);
			runOnlyForDeploymentPostprocessing = 0;
		};
/* End PBXFrameworksBuildPhase section */

/* Begin PBXGroup section */
		D62818441BB37A1000A1575B = {
			isa = PBXGroup;
			children = (
				D628184F1BB37A1000A1575B /* HelloNoun */,
				D62818641BB37A1000A1575B /* HelloNounTests */,
				D628186F1BB37A1000A1575B /* HelloNounUITests */,
				D628184E1BB37A1000A1575B /* Products */,
			);
			sourceTree = "<group>";
		};
		D628184E1BB37A1000A1575B /* Products */ = {
			isa = PBXGroup;
			children = (
				D628184D1BB37A1000A1575B /* HelloNoun.app */,
				D62818611BB37A1000A1575B /* HelloNounTests.xctest */,
				D628186C1BB37A1000A1575B /* HelloNounUITests.xctest */,
			);
			name = Products;
			sourceTree = "<group>";
		};
		D628184F1BB37A1000A1575B /* HelloNoun */ = {
			isa = PBXGroup;
			children = (
				D62818501BB37A1000A1575B /* AppDelegate.swift */,
				D62818521BB37A1000A1575B /* ViewController.swift */,
				D62818541BB37A1000A1575B /* Main.storyboard */,
				D628187E1BB4230200A1575B /* Launch Screen.storyboard */,
				D62818571BB37A1000A1575B /* Assets.xcassets */,
				D628185C1BB37A1000A1575B /* Info.plist */,
			);
			path = HelloNoun;
			sourceTree = "<group>";
		};
		D62818641BB37A1000A1575B /* HelloNounTests */ = {
			isa = PBXGroup;
			children = (
				D62818651BB37A1000A1575B /* HelloNounTests.swift */,
				D62818671BB37A1000A1575B /* Info.plist */,
			);
			path = HelloNounTests;
			sourceTree = "<group>";
		};
		D628186F1BB37A1000A1575B /* HelloNounUITests */ = {
			isa = PBXGroup;
			children = (
				D62818701BB37A1000A1575B /* HelloNounUITests.swift */,
				D62818721BB37A1000A1575B /* Info.plist */,
			);
			path = HelloNounUITests;
			sourceTree = "<group>";
		};
/* End PBXGroup section */

/* Begin PBXNativeTarget section */
		D628184C1BB37A1000A1575B /* HelloNoun */ = {
			isa = PBXNativeTarget;
			buildConfigurationList = D62818751BB37A1000A1575B /* Build configuration list for PBXNativeTarget "HelloNoun" */;
			buildPhases = (
				D62818491BB37A1000A1575B /* Sources */,
				D628184A1BB37A1000A1575B /* Frameworks */,
				D628184B1BB37A1000A1575B /* Resources */,
			);
			buildRules = (
			);
			dependencies = (
			);
			name = HelloNoun;
			productName = HelloNoun;
			productReference = D628184D1BB37A1000A1575B /* HelloNoun.app */;
			productType = "com.apple.product-type.application";
		};
		D62818601BB37A1000A1575B /* HelloNounTests */ = {
			isa = PBXNativeTarget;
			buildConfigurationList = D62818781BB37A1000A1575B /* Build configuration list for PBXNativeTarget "HelloNounTests" */;
			buildPhases = (
				D628185D1BB37A1000A1575B /* Sources */,
				D628185E1BB37A1000A1575B /* Frameworks */,
				D628185F1BB37A1000A1575B /* Resources */,
			);
			buildRules = (
			);
			dependencies = (
				D62818631BB37A1000A1575B /* PBXTargetDependency */,
			);
			name = HelloNounTests;
			productName = HelloNounTests;
			productReference = D62818611BB37A1000A1575B /* HelloNounTests.xctest */;
			productType = "com.apple.product-type.bundle.unit-test";
		};
		D628186B1BB37A1000A1575B /* HelloNounUITests */ = {
			isa = PBXNativeTarget;
			buildConfigurationList = D628187B1BB37A1000A1575B /* Build configuration list for PBXNativeTarget "HelloNounUITests" */;
			buildPhases = (
				D62818681BB37A1000A1575B /* Sources */,
				D62818691BB37A1000A1575B /* Frameworks */,
				D628186A1BB37A1000A1575B /* Resources */,
			);
			buildRules = (
			);
			dependencies = (
				D628186E1BB37A1000A1575B /* PBXTargetDependency */,
			);
			name = HelloNounUITests;
			productName = HelloNounUITests;
			productReference = D628186C1BB37A1000A1575B /* HelloNounUITests.xctest */;
			productType = "com.apple.product-type.bundle.ui-testing";
		};
/* End PBXNativeTarget section */

/* Begin PBXProject section */
		D62818451BB37A1000A1575B /* Project object */ = {
			isa = PBXProject;
			attributes = {
				LastUpgradeCheck = 0700;
				ORGANIZATIONNAME = "Koby Samuel";
				TargetAttributes = {
					D628184C1BB37A1000A1575B = {
						CreatedOnToolsVersion = 7.0;
					};
					D62818601BB37A1000A1575B = {
						CreatedOnToolsVersion = 7.0;
						TestTargetID = D628184C1BB37A1000A1575B;
					};
					D628186B1BB37A1000A1575B = {
						CreatedOnToolsVersion = 7.0;
						TestTargetID = D628184C1BB37A1000A1575B;
					};
				};
			};
			buildConfigurationList = D62818481BB37A1000A1575B /* Build configuration list for PBXProject "HelloNoun" */;
			compatibilityVersion = "Xcode 3.2";
			developmentRegion = English;
			hasScannedForEncodings = 0;
			knownRegions = (
				en,
				Base,
			);
			mainGroup = D62818441BB37A1000A1575B;
			productRefGroup = D628184E1BB37A1000A1575B /* Products */;
			projectDirPath = "";
			projectRoot = "";
			targets = (
				D628184C1BB37A1000A1575B /* HelloNoun */,
				D62818601BB37A1000A1575B /* HelloNounTests */,
				D628186B1BB37A1000A1575B /* HelloNounUITests */,
			);
		};
/* End PBXProject section */

/* Begin PBXResourcesBuildPhase section */
		D628184B1BB37A1000A1575B /* Resources */ = {
			isa = PBXResourcesBuildPhase;
			buildActionMask = 2147483647;
			files = (
				D62818581BB37A1000A1575B /* Assets.xcassets in Resources */,
				D628187F1BB4230200A1575B /* Launch Screen.storyboard in Resources */,
				D62818561BB37A1000A1575B /* Main.storyboard in Resources */,
			);
			runOnlyForDeploymentPostprocessing = 0;
		};
		D628185F1BB37A1000A1575B /* Resources */ = {
			isa = PBXResourcesBuildPhase;
			buildActionMask = 2147483647;
			files = (
			);
			runOnlyForDeploymentPostprocessing = 0;
		};
		D628186A1BB37A1000A1575B /* Resources */ = {
			isa = PBXResourcesBuildPhase;
			buildActionMask = 2147483647;
			files = (
			);
			runOnlyForDeploymentPostprocessing = 0;
		};
/* End PBXResourcesBuildPhase section */

/* Begin PBXSourcesBuildPhase section */
		D62818491BB37A1000A1575B /* Sources */ = {
			isa = PBXSourcesBuildPhase;
			buildActionMask = 2147483647;
			files = (
				D62818531BB37A1000A1575B /* ViewController.swift in Sources */,
				D62818511BB37A1000A1575B /* AppDelegate.swift in Sources */,
			);
			runOnlyForDeploymentPostprocessing = 0;
		};
		D628185D1BB37A1000A1575B /* Sources */ = {
			isa = PBXSourcesBuildPhase;
			buildActionMask = 2147483647;
			files = (
				D62818661BB37A1000A1575B /* HelloNounTests.swift in Sources */,
			);
			runOnlyForDeploymentPostprocessing = 0;
		};
		D62818681BB37A1000A1575B /* Sources */ = {
			isa = PBXSourcesBuildPhase;
			buildActionMask = 2147483647;
			files = (
				D62818711BB37A1000A1575B /* HelloNounUITests.swift in Sources */,
			);
			runOnlyForDeploymentPostprocessing = 0;
		};
/* End PBXSourcesBuildPhase section */

/* Begin PBXTargetDependency section */
		D62818631BB37A1000A1575B /* PBXTargetDependency */ = {
			isa = PBXTargetDependency;
			target = D628184C1BB37A1000A1575B /* HelloNoun */;
			targetProxy = D62818621BB37A1000A1575B /* PBXContainerItemProxy */;
		};
		D628186E1BB37A1000A1575B /* PBXTargetDependency */ = {
			isa = PBXTargetDependency;
			target = D628184C1BB37A1000A1575B /* HelloNoun */;
			targetProxy = D628186D1BB37A1000A1575B /* PBXContainerItemProxy */;
		};
/* End PBXTargetDependency section */

/* Begin PBXVariantGroup section */
		D62818541BB37A1000A1575B /* Main.storyboard */ = {
			isa = PBXVariantGroup;
			children = (
				D62818551BB37A1000A1575B /* Base */,
			);
			name = Main.storyboard;
			sourceTree = "<group>";
		};
/* End PBXVariantGroup section */

/* Begin XCBuildConfiguration section */
		D62818731BB37A1000A1575B /* Debug */ = {
			isa = XCBuildConfiguration;
			buildSettings = {
				ALWAYS_SEARCH_USER_PATHS = NO;
				CLANG_CXX_LANGUAGE_STANDARD = "gnu++0x";
				CLANG_CXX_LIBRARY = "libc++";
				CLANG_ENABLE_MODULES = YES;
				CLANG_ENABLE_OBJC_ARC = YES;
				CLANG_WARN_BOOL_CONVERSION = YES;
				CLANG_WARN_CONSTANT_CONVERSION = YES;
				CLANG_WARN_DIRECT_OBJC_ISA_USAGE = YES_ERROR;
				CLANG_WARN_EMPTY_BODY = YES;
				CLANG_WARN_ENUM_CONVERSION = YES;
				CLANG_WARN_INT_CONVERSION = YES;
				CLANG_WARN_OBJC_ROOT_CLASS = YES_ERROR;
				CLANG_WARN_UNREACHABLE_CODE = YES;
				CLANG_WARN__DUPLICATE_METHOD_MATCH = YES;
				"CODE_SIGN_IDENTITY[sdk=iphoneos*]" = "iPhone Developer";
				COPY_PHASE_STRIP = NO;
				DEBUG_INFORMATION_FORMAT = dwarf;
				ENABLE_STRICT_OBJC_MSGSEND = YES;
				ENABLE_TESTABILITY = YES;
				GCC_C_LANGUAGE_STANDARD = gnu99;
				GCC_DYNAMIC_NO_PIC = NO;
				GCC_NO_COMMON_BLOCKS = YES;
				GCC_OPTIMIZATION_LEVEL = 0;
				GCC_PREPROCESSOR_DEFINITIONS = (
					"DEBUG=1",
					"$(inherited)",
				);
				GCC_WARN_64_TO_32_BIT_CONVERSION = YES;
				GCC_WARN_ABOUT_RETURN_TYPE = YES_ERROR;
				GCC_WARN_UNDECLARED_SELECTOR = YES;
				GCC_WARN_UNINITIALIZED_AUTOS = YES_AGGRESSIVE;
				GCC_WARN_UNUSED_FUNCTION = YES;
				GCC_WARN_UNUSED_VARIABLE = YES;
				IPHONEOS_DEPLOYMENT_TARGET = 9.0;
				MTL_ENABLE_DEBUG_INFO = YES;
				ONLY_ACTIVE_ARCH = YES;
				SDKROOT = iphoneos;
				SWIFT_OPTIMIZATION_LEVEL = "-Onone";
			};
			name = Debug;
		};
		D62818741BB37A1000A1575B /* Release */ = {
			isa = XCBuildConfiguration;
			buildSettings = {
				ALWAYS_SEARCH_USER_PATHS = NO;
				CLANG_CXX_LANGUAGE_STANDARD = "gnu++0x";
				CLANG_CXX_LIBRARY = "libc++";
				CLANG_ENABLE_MODULES = YES;
				CLANG_ENABLE_OBJC_ARC = YES;
				CLANG_WARN_BOOL_CONVERSION = YES;
				CLANG_WARN_CONSTANT_CONVERSION = YES;
				CLANG_WARN_DIRECT_OBJC_ISA_USAGE = YES_ERROR;
				CLANG_WARN_EMPTY_BODY = YES;
				CLANG_WARN_ENUM_CONVERSION = YES;
				CLANG_WARN_INT_CONVERSION = YES;
				CLANG_WARN_OBJC_ROOT_CLASS = YES_ERROR;
				CLANG_WARN_UNREACHABLE_CODE = YES;
				CLANG_WARN__DUPLICATE_METHOD_MATCH = YES;
				"CODE_SIGN_IDENTITY[sdk=iphoneos*]" = "iPhone Developer";
				COPY_PHASE_STRIP = NO;
				DEBUG_INFORMATION_FORMAT = "dwarf-with-dsym";
				ENABLE_NS_ASSERTIONS = NO;
				ENABLE_STRICT_OBJC_MSGSEND = YES;
				GCC_C_LANGUAGE_STANDARD = gnu99;
				GCC_NO_COMMON_BLOCKS = YES;
				GCC_WARN_64_TO_32_BIT_CONVERSION = YES;
				GCC_WARN_ABOUT_RETURN_TYPE = YES_ERROR;
				GCC_WARN_UNDECLARED_SELECTOR = YES;
				GCC_WARN_UNINITIALIZED_AUTOS = YES_AGGRESSIVE;
				GCC_WARN_UNUSED_FUNCTION = YES;
				GCC_WARN_UNUSED_VARIABLE = YES;
				IPHONEOS_DEPLOYMENT_TARGET = 9.0;
				MTL_ENABLE_DEBUG_INFO = NO;
				SDKROOT = iphoneos;
				VALIDATE_PRODUCT = YES;
			};
			name = Release;
		};
		D62818761BB37A1000A1575B /* Debug */ = {
			isa = XCBuildConfiguration;
			buildSettings = {
				ASSETCATALOG_COMPILER_APPICON_NAME = AppIcon;
				INFOPLIST_FILE = HelloNoun/Info.plist;
				IPHONEOS_DEPLOYMENT_TARGET = 8.4;
				LD_RUNPATH_SEARCH_PATHS = "$(inherited) @executable_path/Frameworks";
				PRODUCT_BUNDLE_IDENTIFIER = com.kobysamuel.HelloNoun;
				PRODUCT_NAME = "$(TARGET_NAME)";
			};
			name = Debug;
		};
		D62818771BB37A1000A1575B /* Release */ = {
			isa = XCBuildConfiguration;
			buildSettings = {
				ASSETCATALOG_COMPILER_APPICON_NAME = AppIcon;
				INFOPLIST_FILE = HelloNoun/Info.plist;
				IPHONEOS_DEPLOYMENT_TARGET = 8.4;
				LD_RUNPATH_SEARCH_PATHS = "$(inherited) @executable_path/Frameworks";
				PRODUCT_BUNDLE_IDENTIFIER = com.kobysamuel.HelloNoun;
				PRODUCT_NAME = "$(TARGET_NAME)";
			};
			name = Release;
		};
		D62818791BB37A1000A1575B /* Debug */ = {
			isa = XCBuildConfiguration;
			buildSettings = {
				BUNDLE_LOADER = "$(TEST_HOST)";
				INFOPLIST_FILE = HelloNounTests/Info.plist;
				LD_RUNPATH_SEARCH_PATHS = "$(inherited) @executable_path/Frameworks @loader_path/Frameworks";
				PRODUCT_BUNDLE_IDENTIFIER = com.kobysamuel.HelloNounTests;
				PRODUCT_NAME = "$(TARGET_NAME)";
				TEST_HOST = "$(BUILT_PRODUCTS_DIR)/HelloNoun.app/HelloNoun";
			};
			name = Debug;
		};
		D628187A1BB37A1000A1575B /* Release */ = {
			isa = XCBuildConfiguration;
			buildSettings = {
				BUNDLE_LOADER = "$(TEST_HOST)";
				INFOPLIST_FILE = HelloNounTests/Info.plist;
				LD_RUNPATH_SEARCH_PATHS = "$(inherited) @executable_path/Frameworks @loader_path/Frameworks";
				PRODUCT_BUNDLE_IDENTIFIER = com.kobysamuel.HelloNounTests;
				PRODUCT_NAME = "$(TARGET_NAME)";
				TEST_HOST = "$(BUILT_PRODUCTS_DIR)/HelloNoun.app/HelloNoun";
			};
			name = Release;
		};
		D628187C1BB37A1000A1575B /* Debug */ = {
			isa = XCBuildConfiguration;
			buildSettings = {
				INFOPLIST_FILE = HelloNounUITests/Info.plist;
				LD_RUNPATH_SEARCH_PATHS = "$(inherited) @executable_path/Frameworks @loader_path/Frameworks";
				PRODUCT_BUNDLE_IDENTIFIER = com.kobysamuel.HelloNounUITests;
				PRODUCT_NAME = "$(TARGET_NAME)";
				TEST_TARGET_NAME = HelloNoun;
				USES_XCTRUNNER = YES;
			};
			name = Debug;
		};
		D628187D1BB37A1000A1575B /* Release */ = {
			isa = XCBuildConfiguration;
			buildSettings = {
				INFOPLIST_FILE = HelloNounUITests/Info.plist;
				LD_RUNPATH_SEARCH_PATHS = "$(inherited) @executable_path/Frameworks @loader_path/Frameworks";
				PRODUCT_BUNDLE_IDENTIFIER = com.kobysamuel.HelloNounUITests;
				PRODUCT_NAME = "$(TARGET_NAME)";
				TEST_TARGET_NAME = HelloNoun;
				USES_XCTRUNNER = YES;
			};
			name = Release;
		};
/* End XCBuildConfiguration section */

/* Begin XCConfigurationList section */
		D62818481BB37A1000A1575B /* Build configuration list for PBXProject "HelloNoun" */ = {
			isa = XCConfigurationList;
			buildConfigurations = (
				D62818731BB37A1000A1575B /* Debug */,
				D62818741BB37A1000A1575B /* Release */,
			);
			defaultConfigurationIsVisible = 0;
			defaultConfigurationName = Release;
		};
		D62818751BB37A1000A1575B /* Build configuration list for PBXNativeTarget "HelloNoun" */ = {
			isa = XCConfigurationList;
			buildConfigurations = (
				D62818761BB37A1000A1575B /* Debug */,
				D62818771BB37A1000A1575B /* Release */,
			);
			defaultConfigurationIsVisible = 0;
		};
		D62818781BB37A1000A1575B /* Build configuration list for PBXNativeTarget "HelloNounTests" */ = {
			isa = XCConfigurationList;
			buildConfigurations = (
				D62818791BB37A1000A1575B /* Debug */,
				D628187A1BB37A1000A1575B /* Release */,
			);
			defaultConfigurationIsVisible = 0;
		};
		D628187B1BB37A1000A1575B /* Build configuration list for PBXNativeTarget "HelloNounUITests" */ = {
			isa = XCConfigurationList;
			buildConfigurations = (
				D628187C1BB37A1000A1575B /* Debug */,
				D628187D1BB37A1000A1575B /* Release */,
			);
			defaultConfigurationIsVisible = 0;
		};
/* End XCConfigurationList section */
	};
	rootObject = D62818451BB37A1000A1575B /* Project object */;
}
